// !$*UTF8*$!
{
	archiveVersion = 1;
	classes = {
	};
	objectVersion = 56;
	objects = {

/* Begin PBXBuildFile section */
		F706BE142CA2EE5B00E7C8E7 /* AppDelegate.swift in Sources */ = {isa = PBXBuildFile; fileRef = F706BE132CA2EE5B00E7C8E7 /* AppDelegate.swift */; };
		F706BE1B2CA2EE5B00E7C8E7 /* Base in Resources */ = {isa = PBXBuildFile; fileRef = F706BE1A2CA2EE5B00E7C8E7 /* Base */; };
		F706BE1D2CA2EE5D00E7C8E7 /* Assets.xcassets in Resources */ = {isa = PBXBuildFile; fileRef = F706BE1C2CA2EE5D00E7C8E7 /* Assets.xcassets */; };
		F706BE202CA2EE5D00E7C8E7 /* Base in Resources */ = {isa = PBXBuildFile; fileRef = F706BE1F2CA2EE5D00E7C8E7 /* Base */; };
		F706BE302CA2F2B300E7C8E7 /* OnboardingEntity.swift in Sources */ = {isa = PBXBuildFile; fileRef = F706BE2F2CA2F2B300E7C8E7 /* OnboardingEntity.swift */; };
		F706BE322CA2F2D700E7C8E7 /* OnboardingInteractor.swift in Sources */ = {isa = PBXBuildFile; fileRef = F706BE312CA2F2D700E7C8E7 /* OnboardingInteractor.swift */; };
		F706BE342CA2F2F100E7C8E7 /* OnboardingPresenter.swift in Sources */ = {isa = PBXBuildFile; fileRef = F706BE332CA2F2F100E7C8E7 /* OnboardingPresenter.swift */; };
		F706BE362CA2F30200E7C8E7 /* OnboardingViewController.swift in Sources */ = {isa = PBXBuildFile; fileRef = F706BE352CA2F30200E7C8E7 /* OnboardingViewController.swift */; };
		F706BE382CA2F31C00E7C8E7 /* OnboardingRouter.swift in Sources */ = {isa = PBXBuildFile; fileRef = F706BE372CA2F31C00E7C8E7 /* OnboardingRouter.swift */; };
/* End PBXBuildFile section */

/* Begin PBXFileReference section */
		F706BE102CA2EE5B00E7C8E7 /* FashionShopApp.app */ = {isa = PBXFileReference; explicitFileType = wrapper.application; includeInIndex = 0; path = FashionShopApp.app; sourceTree = BUILT_PRODUCTS_DIR; };
		F706BE132CA2EE5B00E7C8E7 /* AppDelegate.swift */ = {isa = PBXFileReference; lastKnownFileType = sourcecode.swift; path = AppDelegate.swift; sourceTree = "<group>"; };
		F706BE1A2CA2EE5B00E7C8E7 /* Base */ = {isa = PBXFileReference; lastKnownFileType = file.storyboard; name = Base; path = Base.lproj/Main.storyboard; sourceTree = "<group>"; };
		F706BE1C2CA2EE5D00E7C8E7 /* Assets.xcassets */ = {isa = PBXFileReference; lastKnownFileType = folder.assetcatalog; path = Assets.xcassets; sourceTree = "<group>"; };
		F706BE1F2CA2EE5D00E7C8E7 /* Base */ = {isa = PBXFileReference; lastKnownFileType = file.storyboard; name = Base; path = Base.lproj/LaunchScreen.storyboard; sourceTree = "<group>"; };
		F706BE212CA2EE5D00E7C8E7 /* Info.plist */ = {isa = PBXFileReference; lastKnownFileType = text.plist.xml; path = Info.plist; sourceTree = "<group>"; };
		F706BE2F2CA2F2B300E7C8E7 /* OnboardingEntity.swift */ = {isa = PBXFileReference; lastKnownFileType = sourcecode.swift; path = OnboardingEntity.swift; sourceTree = "<group>"; };
		F706BE312CA2F2D700E7C8E7 /* OnboardingInteractor.swift */ = {isa = PBXFileReference; lastKnownFileType = sourcecode.swift; path = OnboardingInteractor.swift; sourceTree = "<group>"; };
		F706BE332CA2F2F100E7C8E7 /* OnboardingPresenter.swift */ = {isa = PBXFileReference; lastKnownFileType = sourcecode.swift; path = OnboardingPresenter.swift; sourceTree = "<group>"; };
		F706BE352CA2F30200E7C8E7 /* OnboardingViewController.swift */ = {isa = PBXFileReference; lastKnownFileType = sourcecode.swift; path = OnboardingViewController.swift; sourceTree = "<group>"; };
		F706BE372CA2F31C00E7C8E7 /* OnboardingRouter.swift */ = {isa = PBXFileReference; lastKnownFileType = sourcecode.swift; path = OnboardingRouter.swift; sourceTree = "<group>"; };
/* End PBXFileReference section */

/* Begin PBXFrameworksBuildPhase section */
		F706BE0D2CA2EE5B00E7C8E7 /* Frameworks */ = {
			isa = PBXFrameworksBuildPhase;
			buildActionMask = 2147483647;
			files = (
			);
			runOnlyForDeploymentPostprocessing = 0;
		};
/* End PBXFrameworksBuildPhase section */

/* Begin PBXGroup section */
		F706BE072CA2EE5B00E7C8E7 = {
			isa = PBXGroup;
			children = (
				F706BE122CA2EE5B00E7C8E7 /* FashionShopApp */,
				F706BE112CA2EE5B00E7C8E7 /* Products */,
			);
			sourceTree = "<group>";
		};
		F706BE112CA2EE5B00E7C8E7 /* Products */ = {
			isa = PBXGroup;
			children = (
				F706BE102CA2EE5B00E7C8E7 /* FashionShopApp.app */,
			);
			name = Products;
			sourceTree = "<group>";
		};
		F706BE122CA2EE5B00E7C8E7 /* FashionShopApp */ = {
			isa = PBXGroup;
			children = (
				F706BE272CA2F01D00E7C8E7 /* Kit */,
				F706BE2A2CA2F05200E7C8E7 /* Utils */,
				F706BE2B2CA2F06200E7C8E7 /* Modules */,
				F706BE2D2CA2F07E00E7C8E7 /* Storyboards */,
				F706BE132CA2EE5B00E7C8E7 /* AppDelegate.swift */,
				F706BE1C2CA2EE5D00E7C8E7 /* Assets.xcassets */,
				F706BE212CA2EE5D00E7C8E7 /* Info.plist */,
			);
			path = FashionShopApp;
			sourceTree = "<group>";
		};
		F706BE272CA2F01D00E7C8E7 /* Kit */ = {
			isa = PBXGroup;
			children = (
				F706BE292CA2F03700E7C8E7 /* Network */,
				F706BE282CA2F02C00E7C8E7 /* Models */,
			);
			path = Kit;
			sourceTree = "<group>";
		};
		F706BE282CA2F02C00E7C8E7 /* Models */ = {
			isa = PBXGroup;
			children = (
			);
			path = Models;
			sourceTree = "<group>";
		};
		F706BE292CA2F03700E7C8E7 /* Network */ = {
			isa = PBXGroup;
			children = (
			);
			path = Network;
			sourceTree = "<group>";
		};
		F706BE2A2CA2F05200E7C8E7 /* Utils */ = {
			isa = PBXGroup;
			children = (
			);
			path = Utils;
			sourceTree = "<group>";
		};
		F706BE2B2CA2F06200E7C8E7 /* Modules */ = {
			isa = PBXGroup;
			children = (
				F706BE2E2CA2F28700E7C8E7 /* Onboarding */,
			);
			path = Modules;
			sourceTree = "<group>";
		};
		F706BE2D2CA2F07E00E7C8E7 /* Storyboards */ = {
			isa = PBXGroup;
			children = (
				F706BE1E2CA2EE5D00E7C8E7 /* LaunchScreen.storyboard */,
				F706BE192CA2EE5B00E7C8E7 /* Main.storyboard */,
			);
			name = Storyboards;
			sourceTree = "<group>";
		};
		F706BE2E2CA2F28700E7C8E7 /* Onboarding */ = {
			isa = PBXGroup;
			children = (
				F706BE2F2CA2F2B300E7C8E7 /* OnboardingEntity.swift */,
				F706BE312CA2F2D700E7C8E7 /* OnboardingInteractor.swift */,
				F706BE332CA2F2F100E7C8E7 /* OnboardingPresenter.swift */,
				F706BE352CA2F30200E7C8E7 /* OnboardingViewController.swift */,
				F706BE372CA2F31C00E7C8E7 /* OnboardingRouter.swift */,
			);
			path = Onboarding;
			sourceTree = "<group>";
		};
/* End PBXGroup section */

/* Begin PBXNativeTarget section */
		F706BE0F2CA2EE5B00E7C8E7 /* FashionShopApp */ = {
			isa = PBXNativeTarget;
			buildConfigurationList = F706BE242CA2EE5D00E7C8E7 /* Build configuration list for PBXNativeTarget "FashionShopApp" */;
			buildPhases = (
				F706BE0C2CA2EE5B00E7C8E7 /* Sources */,
				F706BE0D2CA2EE5B00E7C8E7 /* Frameworks */,
				F706BE0E2CA2EE5B00E7C8E7 /* Resources */,
			);
			buildRules = (
			);
			dependencies = (
			);
			name = FashionShopApp;
			productName = FashionShopApp;
			productReference = F706BE102CA2EE5B00E7C8E7 /* FashionShopApp.app */;
			productType = "com.apple.product-type.application";
		};
/* End PBXNativeTarget section */

/* Begin PBXProject section */
		F706BE082CA2EE5B00E7C8E7 /* Project object */ = {
			isa = PBXProject;
			attributes = {
				BuildIndependentTargetsInParallel = 1;
				LastSwiftUpdateCheck = 1540;
				LastUpgradeCheck = 1540;
				TargetAttributes = {
					F706BE0F2CA2EE5B00E7C8E7 = {
						CreatedOnToolsVersion = 15.4;
					};
				};
			};
			buildConfigurationList = F706BE0B2CA2EE5B00E7C8E7 /* Build configuration list for PBXProject "FashionShopApp" */;
			compatibilityVersion = "Xcode 14.0";
			developmentRegion = en;
			hasScannedForEncodings = 0;
			knownRegions = (
				en,
				Base,
			);
			mainGroup = F706BE072CA2EE5B00E7C8E7;
			productRefGroup = F706BE112CA2EE5B00E7C8E7 /* Products */;
			projectDirPath = "";
			projectRoot = "";
			targets = (
				F706BE0F2CA2EE5B00E7C8E7 /* FashionShopApp */,
			);
		};
/* End PBXProject section */

/* Begin PBXResourcesBuildPhase section */
		F706BE0E2CA2EE5B00E7C8E7 /* Resources */ = {
			isa = PBXResourcesBuildPhase;
			buildActionMask = 2147483647;
			files = (
				F706BE1D2CA2EE5D00E7C8E7 /* Assets.xcassets in Resources */,
				F706BE202CA2EE5D00E7C8E7 /* Base in Resources */,
				F706BE1B2CA2EE5B00E7C8E7 /* Base in Resources */,
			);
			runOnlyForDeploymentPostprocessing = 0;
		};
/* End PBXResourcesBuildPhase section */

/* Begin PBXSourcesBuildPhase section */
		F706BE0C2CA2EE5B00E7C8E7 /* Sources */ = {
			isa = PBXSourcesBuildPhase;
			buildActionMask = 2147483647;
			files = (
				F706BE302CA2F2B300E7C8E7 /* OnboardingEntity.swift in Sources */,
				F706BE362CA2F30200E7C8E7 /* OnboardingViewController.swift in Sources */,
				F706BE382CA2F31C00E7C8E7 /* OnboardingRouter.swift in Sources */,
				F706BE342CA2F2F100E7C8E7 /* OnboardingPresenter.swift in Sources */,
				F706BE142CA2EE5B00E7C8E7 /* AppDelegate.swift in Sources */,
				F706BE322CA2F2D700E7C8E7 /* OnboardingInteractor.swift in Sources */,
			);
			runOnlyForDeploymentPostprocessing = 0;
		};
/* End PBXSourcesBuildPhase section */

/* Begin PBXVariantGroup section */
		F706BE192CA2EE5B00E7C8E7 /* Main.storyboard */ = {
			isa = PBXVariantGroup;
			children = (
				F706BE1A2CA2EE5B00E7C8E7 /* Base */,
			);
			name = Main.storyboard;
			sourceTree = "<group>";
		};
		F706BE1E2CA2EE5D00E7C8E7 /* LaunchScreen.storyboard */ = {
			isa = PBXVariantGroup;
			children = (
				F706BE1F2CA2EE5D00E7C8E7 /* Base */,
			);
			name = LaunchScreen.storyboard;
			sourceTree = "<group>";
		};
/* End PBXVariantGroup section */

/* Begin XCBuildConfiguration section */
		F706BE222CA2EE5D00E7C8E7 /* Debug */ = {
			isa = XCBuildConfiguration;
			buildSettings = {
				ALWAYS_SEARCH_USER_PATHS = NO;
				ASSETCATALOG_COMPILER_GENERATE_SWIFT_ASSET_SYMBOL_EXTENSIONS = YES;
				CLANG_ANALYZER_NONNULL = YES;
				CLANG_ANALYZER_NUMBER_OBJECT_CONVERSION = YES_AGGRESSIVE;
				CLANG_CXX_LANGUAGE_STANDARD = "gnu++20";
				CLANG_ENABLE_MODULES = YES;
				CLANG_ENABLE_OBJC_ARC = YES;
				CLANG_ENABLE_OBJC_WEAK = YES;
				CLANG_WARN_BLOCK_CAPTURE_AUTORELEASING = YES;
				CLANG_WARN_BOOL_CONVERSION = YES;
				CLANG_WARN_COMMA = YES;
				CLANG_WARN_CONSTANT_CONVERSION = YES;
				CLANG_WARN_DEPRECATED_OBJC_IMPLEMENTATIONS = YES;
				CLANG_WARN_DIRECT_OBJC_ISA_USAGE = YES_ERROR;
				CLANG_WARN_DOCUMENTATION_COMMENTS = YES;
				CLANG_WARN_EMPTY_BODY = YES;
				CLANG_WARN_ENUM_CONVERSION = YES;
				CLANG_WARN_INFINITE_RECURSION = YES;
				CLANG_WARN_INT_CONVERSION = YES;
				CLANG_WARN_NON_LITERAL_NULL_CONVERSION = YES;
				CLANG_WARN_OBJC_IMPLICIT_RETAIN_SELF = YES;
				CLANG_WARN_OBJC_LITERAL_CONVERSION = YES;
				CLANG_WARN_OBJC_ROOT_CLASS = YES_ERROR;
				CLANG_WARN_QUOTED_INCLUDE_IN_FRAMEWORK_HEADER = YES;
				CLANG_WARN_RANGE_LOOP_ANALYSIS = YES;
				CLANG_WARN_STRICT_PROTOTYPES = YES;
				CLANG_WARN_SUSPICIOUS_MOVE = YES;
				CLANG_WARN_UNGUARDED_AVAILABILITY = YES_AGGRESSIVE;
				CLANG_WARN_UNREACHABLE_CODE = YES;
				CLANG_WARN__DUPLICATE_METHOD_MATCH = YES;
				COPY_PHASE_STRIP = NO;
				DEBUG_INFORMATION_FORMAT = dwarf;
				ENABLE_STRICT_OBJC_MSGSEND = YES;
				ENABLE_TESTABILITY = YES;
				ENABLE_USER_SCRIPT_SANDBOXING = YES;
				GCC_C_LANGUAGE_STANDARD = gnu17;
				GCC_DYNAMIC_NO_PIC = NO;
				GCC_NO_COMMON_BLOCKS = YES;
				GCC_OPTIMIZATION_LEVEL = 0;
				GCC_PREPROCESSOR_DEFINITIONS = (
					"DEBUG=1",
					"$(inherited)",
				);
				GCC_WARN_64_TO_32_BIT_CONVERSION = YES;
				GCC_WARN_ABOUT_RETURN_TYPE = YES_ERROR;
				GCC_WARN_UNDECLARED_SELECTOR = YES;
				GCC_WARN_UNINITIALIZED_AUTOS = YES_AGGRESSIVE;
				GCC_WARN_UNUSED_FUNCTION = YES;
				GCC_WARN_UNUSED_VARIABLE = YES;
				IPHONEOS_DEPLOYMENT_TARGET = 16.0;
				LOCALIZATION_PREFERS_STRING_CATALOGS = YES;
				MTL_ENABLE_DEBUG_INFO = INCLUDE_SOURCE;
				MTL_FAST_MATH = YES;
				ONLY_ACTIVE_ARCH = YES;
				SDKROOT = iphoneos;
				SWIFT_ACTIVE_COMPILATION_CONDITIONS = "DEBUG $(inherited)";
				SWIFT_OPTIMIZATION_LEVEL = "-Onone";
			};
			name = Debug;
		};
		F706BE232CA2EE5D00E7C8E7 /* Release */ = {
			isa = XCBuildConfiguration;
			buildSettings = {
				ALWAYS_SEARCH_USER_PATHS = NO;
				ASSETCATALOG_COMPILER_GENERATE_SWIFT_ASSET_SYMBOL_EXTENSIONS = YES;
				CLANG_ANALYZER_NONNULL = YES;
				CLANG_ANALYZER_NUMBER_OBJECT_CONVERSION = YES_AGGRESSIVE;
				CLANG_CXX_LANGUAGE_STANDARD = "gnu++20";
				CLANG_ENABLE_MODULES = YES;
				CLANG_ENABLE_OBJC_ARC = YES;
				CLANG_ENABLE_OBJC_WEAK = YES;
				CLANG_WARN_BLOCK_CAPTURE_AUTORELEASING = YES;
				CLANG_WARN_BOOL_CONVERSION = YES;
				CLANG_WARN_COMMA = YES;
				CLANG_WARN_CONSTANT_CONVERSION = YES;
				CLANG_WARN_DEPRECATED_OBJC_IMPLEMENTATIONS = YES;
				CLANG_WARN_DIRECT_OBJC_ISA_USAGE = YES_ERROR;
				CLANG_WARN_DOCUMENTATION_COMMENTS = YES;
				CLANG_WARN_EMPTY_BODY = YES;
				CLANG_WARN_ENUM_CONVERSION = YES;
				CLANG_WARN_INFINITE_RECURSION = YES;
				CLANG_WARN_INT_CONVERSION = YES;
				CLANG_WARN_NON_LITERAL_NULL_CONVERSION = YES;
				CLANG_WARN_OBJC_IMPLICIT_RETAIN_SELF = YES;
				CLANG_WARN_OBJC_LITERAL_CONVERSION = YES;
				CLANG_WARN_OBJC_ROOT_CLASS = YES_ERROR;
				CLANG_WARN_QUOTED_INCLUDE_IN_FRAMEWORK_HEADER = YES;
				CLANG_WARN_RANGE_LOOP_ANALYSIS = YES;
				CLANG_WARN_STRICT_PROTOTYPES = YES;
				CLANG_WARN_SUSPICIOUS_MOVE = YES;
				CLANG_WARN_UNGUARDED_AVAILABILITY = YES_AGGRESSIVE;
				CLANG_WARN_UNREACHABLE_CODE = YES;
				CLANG_WARN__DUPLICATE_METHOD_MATCH = YES;
				COPY_PHASE_STRIP = NO;
				DEBUG_INFORMATION_FORMAT = "dwarf-with-dsym";
				ENABLE_NS_ASSERTIONS = NO;
				ENABLE_STRICT_OBJC_MSGSEND = YES;
				ENABLE_USER_SCRIPT_SANDBOXING = YES;
				GCC_C_LANGUAGE_STANDARD = gnu17;
				GCC_NO_COMMON_BLOCKS = YES;
				GCC_WARN_64_TO_32_BIT_CONVERSION = YES;
				GCC_WARN_ABOUT_RETURN_TYPE = YES_ERROR;
				GCC_WARN_UNDECLARED_SELECTOR = YES;
				GCC_WARN_UNINITIALIZED_AUTOS = YES_AGGRESSIVE;
				GCC_WARN_UNUSED_FUNCTION = YES;
				GCC_WARN_UNUSED_VARIABLE = YES;
				IPHONEOS_DEPLOYMENT_TARGET = 16.0;
				LOCALIZATION_PREFERS_STRING_CATALOGS = YES;
				MTL_ENABLE_DEBUG_INFO = NO;
				MTL_FAST_MATH = YES;
				SDKROOT = iphoneos;
				SWIFT_COMPILATION_MODE = wholemodule;
				VALIDATE_PRODUCT = YES;
			};
			name = Release;
		};
		F706BE252CA2EE5D00E7C8E7 /* Debug */ = {
			isa = XCBuildConfiguration;
			buildSettings = {
				ASSETCATALOG_COMPILER_APPICON_NAME = AppIcon;
				ASSETCATALOG_COMPILER_GLOBAL_ACCENT_COLOR_NAME = AccentColor;
				CODE_SIGN_STYLE = Automatic;
				CURRENT_PROJECT_VERSION = 1;
				DEVELOPMENT_TEAM = 47CJ769Y3U;
				GENERATE_INFOPLIST_FILE = YES;
				INFOPLIST_FILE = FashionShopApp/Info.plist;
				INFOPLIST_KEY_LSApplicationCategoryType = "public.app-category.shopping";
				INFOPLIST_KEY_UIApplicationSupportsIndirectInputEvents = YES;
				INFOPLIST_KEY_UILaunchStoryboardName = LaunchScreen;
				INFOPLIST_KEY_UIMainStoryboardFile = Main;
				INFOPLIST_KEY_UIStatusBarStyle = "";
				INFOPLIST_KEY_UISupportedInterfaceOrientations = UIInterfaceOrientationPortrait;
				IPHONEOS_DEPLOYMENT_TARGET = 16.0;
				LD_RUNPATH_SEARCH_PATHS = (
					"$(inherited)",
					"@executable_path/Frameworks",
				);
				MARKETING_VERSION = 1.0;
				PRODUCT_BUNDLE_IDENTIFIER = com.dogaaa.FashionShopApp;
				PRODUCT_NAME = "$(TARGET_NAME)";
				SUPPORTED_PLATFORMS = "iphoneos iphonesimulator";
				SUPPORTS_MACCATALYST = NO;
				SUPPORTS_MAC_DESIGNED_FOR_IPHONE_IPAD = NO;
				SUPPORTS_XR_DESIGNED_FOR_IPHONE_IPAD = NO;
				SWIFT_EMIT_LOC_STRINGS = YES;
				SWIFT_VERSION = 5.0;
				TARGETED_DEVICE_FAMILY = "1,2";
			};
			name = Debug;
		};
		F706BE262CA2EE5D00E7C8E7 /* Release */ = {
			isa = XCBuildConfiguration;
			buildSettings = {
				ASSETCATALOG_COMPILER_APPICON_NAME = AppIcon;
				ASSETCATALOG_COMPILER_GLOBAL_ACCENT_COLOR_NAME = AccentColor;
				CODE_SIGN_STYLE = Automatic;
				CURRENT_PROJECT_VERSION = 1;
				DEVELOPMENT_TEAM = 47CJ769Y3U;
				GENERATE_INFOPLIST_FILE = YES;
				INFOPLIST_FILE = FashionShopApp/Info.plist;
				INFOPLIST_KEY_LSApplicationCategoryType = "public.app-category.shopping";
				INFOPLIST_KEY_UIApplicationSupportsIndirectInputEvents = YES;
				INFOPLIST_KEY_UILaunchStoryboardName = LaunchScreen;
				INFOPLIST_KEY_UIMainStoryboardFile = Main;
				INFOPLIST_KEY_UIStatusBarStyle = "";
				INFOPLIST_KEY_UISupportedInterfaceOrientations = UIInterfaceOrientationPortrait;
				IPHONEOS_DEPLOYMENT_TARGET = 16.0;
				LD_RUNPATH_SEARCH_PATHS = (
					"$(inherited)",
					"@executable_path/Frameworks",
				);
				MARKETING_VERSION = 1.0;
				PRODUCT_BUNDLE_IDENTIFIER = com.dogaaa.FashionShopApp;
				PRODUCT_NAME = "$(TARGET_NAME)";
				SUPPORTED_PLATFORMS = "iphoneos iphonesimulator";
				SUPPORTS_MACCATALYST = NO;
				SUPPORTS_MAC_DESIGNED_FOR_IPHONE_IPAD = NO;
				SUPPORTS_XR_DESIGNED_FOR_IPHONE_IPAD = NO;
				SWIFT_EMIT_LOC_STRINGS = YES;
				SWIFT_VERSION = 5.0;
				TARGETED_DEVICE_FAMILY = "1,2";
			};
			name = Release;
		};
/* End XCBuildConfiguration section */

/* Begin XCConfigurationList section */
		F706BE0B2CA2EE5B00E7C8E7 /* Build configuration list for PBXProject "FashionShopApp" */ = {
			isa = XCConfigurationList;
			buildConfigurations = (
				F706BE222CA2EE5D00E7C8E7 /* Debug */,
				F706BE232CA2EE5D00E7C8E7 /* Release */,
			);
			defaultConfigurationIsVisible = 0;
			defaultConfigurationName = Release;
		};
		F706BE242CA2EE5D00E7C8E7 /* Build configuration list for PBXNativeTarget "FashionShopApp" */ = {
			isa = XCConfigurationList;
			buildConfigurations = (
				F706BE252CA2EE5D00E7C8E7 /* Debug */,
				F706BE262CA2EE5D00E7C8E7 /* Release */,
			);
			defaultConfigurationIsVisible = 0;
			defaultConfigurationName = Release;
		};
/* End XCConfigurationList section */
	};
	rootObject = F706BE082CA2EE5B00E7C8E7 /* Project object */;
}
